{
  "lockfileVersion": 1,
  "configVersion": 1,
  "workspaces": {
    "": {
      "name": "vellum",
      "devDependencies": {
        "@types/bun": "1.1.14",
        "prettier": "3.3.3",
        "typescript": "5.5.4",
      },
    },
    "packages/agent": {
      "name": "@vellum/agent",
      "version": "0.0.0",
      "dependencies": {
        "@vellum/shared": "workspace:*",
      },
    },
    "packages/chain": {
      "name": "@vellum/chain",
      "version": "0.0.0",
      "dependencies": {
        "@cosmjs/proto-signing": "0.32.4",
        "@cosmjs/stargate": "0.32.4",
        "@vellum/shared": "workspace:*",
      },
    },
    "packages/llm": {
      "name": "@vellum/llm",
      "version": "0.0.0",
      "dependencies": {
        "@vellum/shared": "workspace:*",
      },
    },
    "packages/shared": {
      "name": "@vellum/shared",
      "version": "0.0.0",
      "dependencies": {
        "zod": "3.23.8",
      },
    },
    "packages/telegram": {
      "name": "@vellum/telegram",
      "version": "0.0.0",
      "dependencies": {
        "@vellum/shared": "workspace:*",
        "grammy": "1.43.0",
      },
    },
    "packages/web": {
      "name": "@vellum/web",
      "version": "0.0.0",
      "dependencies": {
        "@vellum/shared": "workspace:*",
      },
    },
  },
  "overrides": {
    "protobufjs": "7.6.1",
  },
  "packages": {
    "@confio/ics23": ["@confio/ics23@0.6.8", "", { "dependencies": { "@noble/hashes": "^1.0.0", "protobufjs": "^6.8.8" } }, "sha512-wB6uo+3A50m0sW/EWcU64xpV/8wShZ6bMTa7pF8eYsTrSkQA7oLUIJcs/wb8g4y2Oyq701BaGiO6n/ak5WXO1w=="],

    "@cosmjs/amino": ["@cosmjs/amino@0.32.4", "", { "dependencies": { "@cosmjs/crypto": "^0.32.4", "@cosmjs/encoding": "^0.32.4", "@cosmjs/math": "^0.32.4", "@cosmjs/utils": "^0.32.4" } }, "sha512-zKYOt6hPy8obIFtLie/xtygCkH9ZROiQ12UHfKsOkWaZfPQUvVbtgmu6R4Kn1tFLI/SRkw7eqhaogmW/3NYu/Q=="],

    "@cosmjs/crypto": ["@cosmjs/crypto@0.32.4", "", { "dependencies": { "@cosmjs/encoding": "^0.32.4", "@cosmjs/math": "^0.32.4", "@cosmjs/utils": "^0.32.4", "@noble/hashes": "^1", "bn.js": "^5.2.0", "elliptic": "^6.5.4", "libsodium-wrappers-sumo": "^0.7.11" } }, "sha512-zicjGU051LF1V9v7bp8p7ovq+VyC91xlaHdsFOTo2oVry3KQikp8L/81RkXmUIT8FxMwdx1T7DmFwVQikcSDIw=="],

    "@cosmjs/encoding": ["@cosmjs/encoding@0.32.4", "", { "dependencies": { "base64-js": "^1.3.0", "bech32": "^1.1.4", "readonly-date": "^1.0.0" } }, "sha512-tjvaEy6ZGxJchiizzTn7HVRiyTg1i4CObRRaTRPknm5EalE13SV+TCHq38gIDfyUeden4fCuaBVEdBR5+ti7Hw=="],

    "@cosmjs/json-rpc": ["@cosmjs/json-rpc@0.32.4", "", { "dependencies": { "@cosmjs/stream": "^0.32.4", "xstream": "^11.14.0" } }, "sha512-/jt4mBl7nYzfJ2J/VJ+r19c92mUKF0Lt0JxM3MXEJl7wlwW5haHAWtzRujHkyYMXOwIR+gBqT2S0vntXVBRyhQ=="],

    "@cosmjs/math": ["@cosmjs/math@0.32.4", "", { "dependencies": { "bn.js": "^5.2.0" } }, "sha512-++dqq2TJkoB8zsPVYCvrt88oJWsy1vMOuSOKcdlnXuOA/ASheTJuYy4+oZlTQ3Fr8eALDLGGPhJI02W2HyAQaw=="],

    "@cosmjs/proto-signing": ["@cosmjs/proto-signing@0.32.4", "", { "dependencies": { "@cosmjs/amino": "^0.32.4", "@cosmjs/crypto": "^0.32.4", "@cosmjs/encoding": "^0.32.4", "@cosmjs/math": "^0.32.4", "@cosmjs/utils": "^0.32.4", "cosmjs-types": "^0.9.0" } }, "sha512-QdyQDbezvdRI4xxSlyM1rSVBO2st5sqtbEIl3IX03uJ7YiZIQHyv6vaHVf1V4mapusCqguiHJzm4N4gsFdLBbQ=="],

    "@cosmjs/socket": ["@cosmjs/socket@0.32.4", "", { "dependencies": { "@cosmjs/stream": "^0.32.4", "isomorphic-ws": "^4.0.1", "ws": "^7", "xstream": "^11.14.0" } }, "sha512-davcyYziBhkzfXQTu1l5NrpDYv0K9GekZCC9apBRvL1dvMc9F/ygM7iemHjUA+z8tJkxKxrt/YPjJ6XNHzLrkw=="],

    "@cosmjs/stargate": ["@cosmjs/stargate@0.32.4", "", { "dependencies": { "@confio/ics23": "^0.6.8", "@cosmjs/amino": "^0.32.4", "@cosmjs/encoding": "^0.32.4", "@cosmjs/math": "^0.32.4", "@cosmjs/proto-signing": "^0.32.4", "@cosmjs/stream": "^0.32.4", "@cosmjs/tendermint-rpc": "^0.32.4", "@cosmjs/utils": "^0.32.4", "cosmjs-types": "^0.9.0", "xstream": "^11.14.0" } }, "sha512-usj08LxBSsPRq9sbpCeVdyLx2guEcOHfJS9mHGCLCXpdAPEIEQEtWLDpEUc0LEhWOx6+k/ChXTc5NpFkdrtGUQ=="],

    "@cosmjs/stream": ["@cosmjs/stream@0.32.4", "", { "dependencies": { "xstream": "^11.14.0" } }, "sha512-Gih++NYHEiP+oyD4jNEUxU9antoC0pFSg+33Hpp0JlHwH0wXhtD3OOKnzSfDB7OIoEbrzLJUpEjOgpCp5Z+W3A=="],

    "@cosmjs/tendermint-rpc": ["@cosmjs/tendermint-rpc@0.32.4", "", { "dependencies": { "@cosmjs/crypto": "^0.32.4", "@cosmjs/encoding": "^0.32.4", "@cosmjs/json-rpc": "^0.32.4", "@cosmjs/math": "^0.32.4", "@cosmjs/socket": "^0.32.4", "@cosmjs/stream": "^0.32.4", "@cosmjs/utils": "^0.32.4", "axios": "^1.6.0", "readonly-date": "^1.0.0", "xstream": "^11.14.0" } }, "sha512-MWvUUno+4bCb/LmlMIErLypXxy7ckUuzEmpufYYYd9wgbdCXaTaO08SZzyFM5PI8UJ/0S2AmUrgWhldlbxO8mw=="],

    "@cosmjs/utils": ["@cosmjs/utils@0.32.4", "", {}, "sha512-D1Yc+Zy8oL/hkUkFUL/bwxvuDBzRGpc4cF7/SkdhxX4iHpSLgdOuTt1mhCh9+kl6NQREy9t7SYZ6xeW5gFe60w=="],

    "@grammyjs/types": ["@grammyjs/types@3.27.3", "", {}, "sha512-yUKMLliGsGbnxu96YUJ7km7B0zy4PzeH/Jvti5705R/LeKDMqkDV4DckMSt+OrliWQpTwQljHE0QLol5zgxBkg=="],

    "@noble/hashes": ["@noble/hashes@1.8.0", "", {}, "sha512-jCs9ldd7NwzpgXDIf6P3+NrHh9/sD6CQdxHyjQI+h/6rDNo88ypBxxz45UDuZHz9r3tNz7N/VInSVoVdtXEI4A=="],

    "@protobufjs/aspromise": ["@protobufjs/aspromise@1.1.2", "", {}, "sha512-j+gKExEuLmKwvz3OgROXtrJ2UG2x8Ch2YZUxahh+s1F2HZ+wAceUNLkvy6zKCPVRkU++ZWQrdxsUeQXmcg4uoQ=="],

    "@protobufjs/base64": ["@protobufjs/base64@1.1.2", "", {}, "sha512-AZkcAA5vnN/v4PDqKyMR5lx7hZttPDgClv83E//FMNhR2TMcLUhfRUBHCmSl0oi9zMgDDqRUJkSxO3wm85+XLg=="],

    "@protobufjs/codegen": ["@protobufjs/codegen@2.0.5", "", {}, "sha512-zgXFLzW3Ap33e6d0Wlj4MGIm6Ce8O89n/apUaGNB/jx+hw+ruWEp7EwGUshdLKVRCxZW12fp9r40E1mQrf/34g=="],

    "@protobufjs/eventemitter": ["@protobufjs/eventemitter@1.1.1", "", {}, "sha512-vW1GmwMZNnL+gMRaovlh9yZX74kc+TTU3FObkkurpMaRtBfLP3ldjS9KQWlwZgraRE0+dheEEoAxdzcJQ8eXZg=="],

    "@protobufjs/fetch": ["@protobufjs/fetch@1.1.1", "", { "dependencies": { "@protobufjs/aspromise": "^1.1.1" } }, "sha512-GpptLrs57adMSuHi3VNj0mAF8dwh36LMaYF6XyJ6JMWlVsc+t42tm1HSEDmOs3A8fC9yyeisgLhsTVQokOZ0zw=="],

    "@protobufjs/float": ["@protobufjs/float@1.0.2", "", {}, "sha512-Ddb+kVXlXst9d+R9PfTIxh1EdNkgoRe5tOX6t01f1lYWOvJnSPDBlG241QLzcyPdoNTsblLUdujGSE4RzrTZGQ=="],

    "@protobufjs/inquire": ["@protobufjs/inquire@1.1.2", "", {}, "sha512-pa0vFRuws4wkvaXKK1uXZMAwAX4/t8ANaJo45iw/oQHNQ9q5xUzwgFmVJGXiga2BeN+zpX7Vf9vmsiIa2J+MUw=="],

    "@protobufjs/path": ["@protobufjs/path@1.1.2", "", {}, "sha512-6JOcJ5Tm08dOHAbdR3GrvP+yUUfkjG5ePsHYczMFLq3ZmMkAD98cDgcT2iA1lJ9NVwFd4tH/iSSoe44YWkltEA=="],

    "@protobufjs/pool": ["@protobufjs/pool@1.1.0", "", {}, "sha512-0kELaGSIDBKvcgS4zkjz1PeddatrjYcmMWOlAuAPwAeccUrPHdUqo/J6LiymHHEiJT5NrF1UVwxY14f+fy4WQw=="],

    "@protobufjs/utf8": ["@protobufjs/utf8@1.1.1", "", {}, "sha512-oOAWABowe8EAbMyWKM0tYDKi8Yaox52D+HWZhAIJqQXbqe0xI/GV7FhLWqlEKreMkfDjshR5FKgi3mnle0h6Eg=="],

    "@types/bun": ["@types/bun@1.1.14", "", { "dependencies": { "bun-types": "1.1.37" } }, "sha512-opVYiFGtO2af0dnWBdZWlioLBoxSdDO5qokaazLhq8XQtGZbY4pY3/JxY8Zdf/hEwGubbp7ErZXoN1+h2yesxA=="],

    "@types/node": ["@types/node@20.12.14", "", { "dependencies": { "undici-types": "~5.26.4" } }, "sha512-scnD59RpYD91xngrQQLGkE+6UrHUPzeKZWhhjBSa3HSkwjbQc38+q3RoIVEwxQGRw3M+j5hpNAM+lgV3cVormg=="],

    "@types/ws": ["@types/ws@8.5.14", "", { "dependencies": { "@types/node": "*" } }, "sha512-bd/YFLW+URhBzMXurx7lWByOu+xzU9+kb3RboOteXYDfW+tr+JZa99OyNmPINEGB/ahzKrEuc8rcv4gnpJmxTw=="],

    "@vellum/agent": ["@vellum/agent@workspace:packages/agent"],

    "@vellum/chain": ["@vellum/chain@workspace:packages/chain"],

    "@vellum/llm": ["@vellum/llm@workspace:packages/llm"],

    "@vellum/shared": ["@vellum/shared@workspace:packages/shared"],

    "@vellum/telegram": ["@vellum/telegram@workspace:packages/telegram"],

    "@vellum/web": ["@vellum/web@workspace:packages/web"],

    "abort-controller": ["abort-controller@3.0.0", "", { "dependencies": { "event-target-shim": "^5.0.0" } }, "sha512-h8lQ8tacZYnR3vNQTgibj+tODHI5/+l06Au2Pcriv/Gmet0eaj4TwWH41sO9wnHDiQsEj19q0drzdWdeAHtweg=="],

    "agent-base": ["agent-base@6.0.2", "", { "dependencies": { "debug": "4" } }, "sha512-RZNwNclF7+MS/8bDg70amg32dyeZGZxiDuQmZxKLAlQjr3jGyLx+4Kkk58UO7D2QdgFIQCovuSuZESne6RG6XQ=="],

    "asynckit": ["asynckit@0.4.0", "", {}, "sha512-Oei9OH4tRh0YqU3GxhX79dM/mwVgvbZJaSNaRk+bshkj0S5cfHcgYakreBjrHwatXKbz+IoIdYLxrKim2MjW0Q=="],

    "axios": ["axios@1.16.1", "", { "dependencies": { "follow-redirects": "^1.16.0", "form-data": "^4.0.5", "https-proxy-agent": "^5.0.1", "proxy-from-env": "^2.1.0" } }, "sha512-caYkukvroVPO8KrzuJEb50Hm07KwfBZPEC3VeFHTsqWHvKTsy54hjJz9BS/cdaypROE2rH6xvm9mHX4fgWkr3A=="],

    "base64-js": ["base64-js@1.5.1", "", {}, "sha512-AKpaYlHn8t4SVbOHCy+b5+KKgvR4vrsD8vbvrbiQJps7fKDTkjkDry6ji0rUJjC0kzbNePLwzxq8iypo41qeWA=="],

    "bech32": ["bech32@1.1.4", "", {}, "sha512-s0IrSOzLlbvX7yp4WBfPITzpAU8sqQcpsmwXDiKwrG4r491vwCO/XpejasRNl0piBMe/DvP4Tz0mIS/X1DPJBQ=="],

    "bn.js": ["bn.js@5.2.3", "", {}, "sha512-EAcmnPkxpntVL+DS7bO1zhcZNvCkxqtkd0ZY53h06GNQ3DEkkGZ/gKgmDv6DdZQGj9BgfSPKtJJ7Dp1GPP8f7w=="],

    "brorand": ["brorand@1.1.0", "", {}, "sha512-cKV8tMCEpQs4hK/ik71d6LrPOnpkpGBR0wzxqr68g2m/LB2GxVYQroAjMJZRVM1Y4BCjCKc3vAamxSzOY2RP+w=="],

    "bun-types": ["bun-types@1.1.37", "", { "dependencies": { "@types/node": "~20.12.8", "@types/ws": "~8.5.10" } }, "sha512-C65lv6eBr3LPJWFZ2gswyrGZ82ljnH8flVE03xeXxKhi2ZGtFiO4isRKTKnitbSqtRAcaqYSR6djt1whI66AbA=="],

    "call-bind-apply-helpers": ["call-bind-apply-helpers@1.0.2", "", { "dependencies": { "es-errors": "^1.3.0", "function-bind": "^1.1.2" } }, "sha512-Sp1ablJ0ivDkSzjcaJdxEunN5/XvksFJ2sMBFfq6x0ryhQV/2b/KwFe21cMpmHtPOSij8K99/wSfoEuTObmuMQ=="],

    "combined-stream": ["combined-stream@1.0.8", "", { "dependencies": { "delayed-stream": "~1.0.0" } }, "sha512-FQN4MRfuJeHf7cBbBMJFXhKSDq+2kAArBlmRBvcvFE5BB1HZKXtSFASDhdlz9zOYwxh8lDdnvmMOe/+5cdoEdg=="],

    "cosmjs-types": ["cosmjs-types@0.9.0", "", {}, "sha512-MN/yUe6mkJwHnCFfsNPeCfXVhyxHYW6c/xDUzrSbBycYzw++XvWDMJArXp2pLdgD6FQ8DW79vkPjeNKVrXaHeQ=="],

    "debug": ["debug@4.4.3", "", { "dependencies": { "ms": "^2.1.3" } }, "sha512-RGwwWnwQvkVfavKVt22FGLw+xYSdzARwm0ru6DhTVA3umU5hZc28V3kO4stgYryrTlLpuvgI9GiijltAjNbcqA=="],

    "define-data-property": ["define-data-property@1.1.4", "", { "dependencies": { "es-define-property": "^1.0.0", "es-errors": "^1.3.0", "gopd": "^1.0.1" } }, "sha512-rBMvIzlpA8v6E+SJZoo++HAYqsLrkg7MSfIinMPFhmkorw7X+dOXVJQs+QT69zGkzMyfDnIMN2Wid1+NbL3T+A=="],

    "define-properties": ["define-properties@1.2.1", "", { "dependencies": { "define-data-property": "^1.0.1", "has-property-descriptors": "^1.0.0", "object-keys": "^1.1.1" } }, "sha512-8QmQKqEASLd5nx0U1B1okLElbUuuttJ/AnYmRXbbbGDWh6uS208EjD4Xqq/I9wK7u0v6O08XhTWnt5XtEbR6Dg=="],

    "delayed-stream": ["delayed-stream@1.0.0", "", {}, "sha512-ZySD7Nf91aLB0RxL4KGrKHBXl7Eds1DAmEdcoVawXnLD7SDhpNgtuII2aAkg7a7QS41jxPSZ17p4VdGnMHk3MQ=="],

    "dunder-proto": ["dunder-proto@1.0.1", "", { "dependencies": { "call-bind-apply-helpers": "^1.0.1", "es-errors": "^1.3.0", "gopd": "^1.2.0" } }, "sha512-KIN/nDJBQRcXw0MLVhZE9iQHmG68qAVIBg9CqmUYjmQIhgij9U5MFvrqkUL5FbtyyzZuOeOt0zdeRe4UY7ct+A=="],

    "elliptic": ["elliptic@6.6.1", "", { "dependencies": { "bn.js": "^4.11.9", "brorand": "^1.1.0", "hash.js": "^1.0.0", "hmac-drbg": "^1.0.1", "inherits": "^2.0.4", "minimalistic-assert": "^1.0.1", "minimalistic-crypto-utils": "^1.0.1" } }, "sha512-RaddvvMatK2LJHqFJ+YA4WysVN5Ita9E35botqIYspQ4TkRAlCicdzKOjlyv/1Za5RyTNn7di//eEV0uTAfe3g=="],

    "es-define-property": ["es-define-property@1.0.1", "", {}, "sha512-e3nRfgfUZ4rNGL232gUgX06QNyyez04KdjFrF+LTRoOXmrOgFKDg4BCdsjW8EnT69eqdYGmRpJwiPVYNrCaW3g=="],

    "es-errors": ["es-errors@1.3.0", "", {}, "sha512-Zf5H2Kxt2xjTvbJvP2ZWLEICxA6j+hAmMzIlypy4xcBg1vKVnx89Wy0GbS+kf5cwCVFFzdCFh2XSCFNULS6csw=="],

    "es-object-atoms": ["es-object-atoms@1.1.2", "", { "dependencies": { "es-errors": "^1.3.0" } }, "sha512-HWcBoN6NileqtSydK2FqHbS/LoDd2pqrnQHLyJzBj4kOp/ky2MWMN694xOfkK8/SnUsW2DH7EfyVlydKCsm1Zw=="],

    "es-set-tostringtag": ["es-set-tostringtag@2.1.0", "", { "dependencies": { "es-errors": "^1.3.0", "get-intrinsic": "^1.2.6", "has-tostringtag": "^1.0.2", "hasown": "^2.0.2" } }, "sha512-j6vWzfrGVfyXxge+O0x5sh6cvxAog0a/4Rdd2K36zCMV5eJ+/+tOAngRO8cODMNWbVRdVlmGZQL2YS3yR8bIUA=="],

    "event-target-shim": ["event-target-shim@5.0.1", "", {}, "sha512-i/2XbnSz/uxRCU6+NdVJgKWDTM427+MqYbkQzD321DuCQJUqOuJKIA0IM2+W2xtYHdKOmZ4dR6fExsd4SXL+WQ=="],

    "follow-redirects": ["follow-redirects@1.16.0", "", {}, "sha512-y5rN/uOsadFT/JfYwhxRS5R7Qce+g3zG97+JrtFZlC9klX/W5hD7iiLzScI4nZqUS7DNUdhPgw4xI8W2LuXlUw=="],

    "form-data": ["form-data@4.0.5", "", { "dependencies": { "asynckit": "^0.4.0", "combined-stream": "^1.0.8", "es-set-tostringtag": "^2.1.0", "hasown": "^2.0.2", "mime-types": "^2.1.12" } }, "sha512-8RipRLol37bNs2bhoV67fiTEvdTrbMUYcFTiy3+wuuOnUog2QBHCZWXDRijWQfAkhBj2Uf5UnVaiWwA5vdd82w=="],

    "function-bind": ["function-bind@1.1.2", "", {}, "sha512-7XHNxH7qX9xG5mIwxkhumTox/MIRNcOgDrxWsMt2pAr23WHp6MrRlN7FBSFpCpr+oVO0F744iUgR82nJMfG2SA=="],

    "get-intrinsic": ["get-intrinsic@1.3.0", "", { "dependencies": { "call-bind-apply-helpers": "^1.0.2", "es-define-property": "^1.0.1", "es-errors": "^1.3.0", "es-object-atoms": "^1.1.1", "function-bind": "^1.1.2", "get-proto": "^1.0.1", "gopd": "^1.2.0", "has-symbols": "^1.1.0", "hasown": "^2.0.2", "math-intrinsics": "^1.1.0" } }, "sha512-9fSjSaos/fRIVIp+xSJlE6lfwhES7LNtKaCBIamHsjr2na1BiABJPo0mOjjz8GJDURarmCPGqaiVg5mfjb98CQ=="],

    "get-proto": ["get-proto@1.0.1", "", { "dependencies": { "dunder-proto": "^1.0.1", "es-object-atoms": "^1.0.0" } }, "sha512-sTSfBjoXBp89JvIKIefqw7U2CCebsc74kiY6awiGogKtoSGbgjYE/G/+l9sF3MWFPNc9IcoOC4ODfKHfxFmp0g=="],

    "globalthis": ["globalthis@1.0.4", "", { "dependencies": { "define-properties": "^1.2.1", "gopd": "^1.0.1" } }, "sha512-DpLKbNU4WylpxJykQujfCcwYWiV/Jhm50Goo0wrVILAv5jOr9d+H+UR3PhSCD2rCCEIg0uc+G+muBTwD54JhDQ=="],

    "gopd": ["gopd@1.2.0", "", {}, "sha512-ZUKRh6/kUFoAiTAtTYPZJ3hw9wNxx+BIBOijnlG9PnrJsCcSjs1wyyD6vJpaYtgnzDrKYRSqf3OO6Rfa93xsRg=="],

    "grammy": ["grammy@1.43.0", "", { "dependencies": { "@grammyjs/types": "3.27.3", "abort-controller": "^3.0.0", "debug": "^4.4.3", "node-fetch": "^2.7.0" } }, "sha512-7dYm06A945mXuIk/5HUlSjeyIYChW8vCEiU2dkOKKqJJzwAWxTkCc91Eqbz7TgODh2rtFFKWI/fekowWHOkmjQ=="],

    "has-property-descriptors": ["has-property-descriptors@1.0.2", "", { "dependencies": { "es-define-property": "^1.0.0" } }, "sha512-55JNKuIW+vq4Ke1BjOTjM2YctQIvCT7GFzHwmfZPGo5wnrgkid0YQtnAleFSqumZm4az3n2BS+erby5ipJdgrg=="],

    "has-symbols": ["has-symbols@1.1.0", "", {}, "sha512-1cDNdwJ2Jaohmb3sg4OmKaMBwuC48sYni5HUw2DvsC8LjGTLK9h+eb1X6RyuOHe4hT0ULCW68iomhjUoKUqlPQ=="],

    "has-tostringtag": ["has-tostringtag@1.0.2", "", { "dependencies": { "has-symbols": "^1.0.3" } }, "sha512-NqADB8VjPFLM2V0VvHUewwwsw0ZWBaIdgo+ieHtK3hasLz4qeCRjYcqfB6AQrBggRKppKF8L52/VqdVsO47Dlw=="],

    "hash.js": ["hash.js@1.1.7", "", { "dependencies": { "inherits": "^2.0.3", "minimalistic-assert": "^1.0.1" } }, "sha512-taOaskGt4z4SOANNseOviYDvjEJinIkRgmp7LbKP2YTTmVxWBl87s/uzK9r+44BclBSp2X7K1hqeNfz9JbBeXA=="],

    "hasown": ["hasown@2.0.3", "", { "dependencies": { "function-bind": "^1.1.2" } }, "sha512-ej4AhfhfL2Q2zpMmLo7U1Uv9+PyhIZpgQLGT1F9miIGmiCJIoCgSmczFdrc97mWT4kVY72KA+WnnhJ5pghSvSg=="],

    "hmac-drbg": ["hmac-drbg@1.0.1", "", { "dependencies": { "hash.js": "^1.0.3", "minimalistic-assert": "^1.0.0", "minimalistic-crypto-utils": "^1.0.1" } }, "sha512-Tti3gMqLdZfhOQY1Mzf/AanLiqh1WTiJgEj26ZuYQ9fbkLomzGchCws4FyrSd4VkpBfiNhaE1On+lOz894jvXg=="],

    "https-proxy-agent": ["https-proxy-agent@5.0.1", "", { "dependencies": { "agent-base": "6", "debug": "4" } }, "sha512-dFcAjpTQFgoLMzC2VwU+C/CbS7uRL0lWmxDITmqm7C+7F0Odmj6s9l6alZc6AELXhrnggM2CeWSXHGOdX2YtwA=="],

    "inherits": ["inherits@2.0.4", "", {}, "sha512-k/vGaX4/Yla3WzyMCvTQOXYeIHvqOKtnqBduzTHpzpQZzAskKMhZ2K+EnBiSM9zGSoIFeMpXKxa4dYeZIQqewQ=="],

    "isomorphic-ws": ["isomorphic-ws@4.0.1", "", { "peerDependencies": { "ws": "*" } }, "sha512-BhBvN2MBpWTaSHdWRb/bwdZJ1WaehQ2L1KngkCkfLUGF0mAWAT1sQUQacEmQ0jXkFw/czDXPNQSL5u2/Krsz1w=="],

    "libsodium-sumo": ["libsodium-sumo@0.7.16", "", {}, "sha512-x6atrz2AdXCJg6G709x9W9TTJRI6/0NcL5dD0l5GGVqNE48UJmDsjO4RUWYTeyXXUpg+NXZ2SHECaZnFRYzwGA=="],

    "libsodium-wrappers-sumo": ["libsodium-wrappers-sumo@0.7.16", "", { "dependencies": { "libsodium-sumo": "^0.7.16" } }, "sha512-gR0JEFPeN3831lB9+ogooQk0KH4K5LSMIO5Prd5Q5XYR2wHFtZfPg0eP7t1oJIWq+UIzlU4WVeBxZ97mt28tXw=="],

    "long": ["long@5.3.2", "", {}, "sha512-mNAgZ1GmyNhD7AuqnTG3/VQ26o760+ZYBPKjPvugO8+nLbYfX6TVpJPseBvopbdY+qpZ/lKUnmEc1LeZYS3QAA=="],

    "math-intrinsics": ["math-intrinsics@1.1.0", "", {}, "sha512-/IXtbwEk5HTPyEwyKX6hGkYXxM9nbj64B+ilVJnC/R6B0pH5G4V3b0pVbL7DBj4tkhBAppbQUlf6F6Xl9LHu1g=="],

    "mime-db": ["mime-db@1.52.0", "", {}, "sha512-sPU4uV7dYlvtWJxwwxHD0PuihVNiE7TyAbQ5SWxDCB9mUYvOgroQOwYQQOKPJ8CIbE+1ETVlOoK1UC2nU3gYvg=="],

    "mime-types": ["mime-types@2.1.35", "", { "dependencies": { "mime-db": "1.52.0" } }, "sha512-ZDY+bPm5zTTF+YpCrAU9nK0UgICYPT0QtT1NZWFv4s++TNkcgVaT0g6+4R2uI4MjQjzysHB1zxuWL50hzaeXiw=="],

    "minimalistic-assert": ["minimalistic-assert@1.0.1", "", {}, "sha512-UtJcAD4yEaGtjPezWuO9wC4nwUnVH/8/Im3yEHQP4b67cXlD/Qr9hdITCU1xDbSEXg2XKNaP8jsReV7vQd00/A=="],

    "minimalistic-crypto-utils": ["minimalistic-crypto-utils@1.0.1", "", {}, "sha512-JIYlbt6g8i5jKfJ3xz7rF0LXmv2TkDxBLUkiBeZ7bAx4GnnNMr8xFpGnOxn6GhTEHx3SjRrZEoU+j04prX1ktg=="],

    "ms": ["ms@2.1.3", "", {}, "sha512-6FlzubTLZG3J2a/NVCAleEhjzq5oxgHyaCU9yYXvcLsvoVaHJq/s5xXI6/XXP6tz7R9xAOtHnSO/tXtF3WRTlA=="],

    "node-fetch": ["node-fetch@2.7.0", "", { "dependencies": { "whatwg-url": "^5.0.0" }, "peerDependencies": { "encoding": "^0.1.0" }, "optionalPeers": ["encoding"] }, "sha512-c4FRfUm/dbcWZ7U+1Wq0AwCyFL+3nt2bEw05wfxSz+DWpWsitgmSgYmy2dQdWyKC1694ELPqMs/YzUSNozLt8A=="],

    "object-keys": ["object-keys@1.1.1", "", {}, "sha512-NuAESUOUMrlIXOfHKzD6bpPu3tYt3xvjNdRIQ+FeT0lNb4K8WR70CaDxhuNguS2XG+GjkyMwOzsN5ZktImfhLA=="],

    "prettier": ["prettier@3.3.3", "", { "bin": { "prettier": "bin/prettier.cjs" } }, "sha512-i2tDNA0O5IrMO757lfrdQZCc2jPNDVntV0m/+4whiDfWaTKfMNgR7Qz0NAeGz/nRqF4m5/6CLzbP4/liHt12Ew=="],

    "protobufjs": ["protobufjs@7.6.1", "", { "dependencies": { "@protobufjs/aspromise": "^1.1.2", "@protobufjs/base64": "^1.1.2", "@protobufjs/codegen": "^2.0.5", "@protobufjs/eventemitter": "^1.1.1", "@protobufjs/fetch": "^1.1.1", "@protobufjs/float": "^1.0.2", "@protobufjs/inquire": "^1.1.2", "@protobufjs/path": "^1.1.2", "@protobufjs/pool": "^1.1.0", "@protobufjs/utf8": "^1.1.1", "@types/node": ">=13.7.0", "long": "^5.3.2" } }, "sha512-4K0myLaWL5EteuSAro91EGFgcfVgxb64Jx+7oDAY6GOkXD4M69yuSEljNcInGVCA5sOPxmZ/EqDLj2x0Q0+Ygg=="],

    "proxy-from-env": ["proxy-from-env@2.1.0", "", {}, "sha512-cJ+oHTW1VAEa8cJslgmUZrc+sjRKgAKl3Zyse6+PV38hZe/V6Z14TbCuXcan9F9ghlz4QrFr2c92TNF82UkYHA=="],

    "readonly-date": ["readonly-date@1.0.0", "", {}, "sha512-tMKIV7hlk0h4mO3JTmmVuIlJVXjKk3Sep9Bf5OH0O+758ruuVkUy2J9SttDLm91IEX/WHlXPSpxMGjPj4beMIQ=="],

    "symbol-observable": ["symbol-observable@2.0.3", "", {}, "sha512-sQV7phh2WCYAn81oAkakC5qjq2Ml0g8ozqz03wOGnx9dDlG1de6yrF+0RAzSJD8fPUow3PTSMf2SAbOGxb93BA=="],

    "tr46": ["tr46@0.0.3", "", {}, "sha512-N3WMsuqV66lT30CrXNbEjx4GEwlow3v6rr4mCcv6prnfwhS01rkgyFdjPNBYd9br7LpXV1+Emh01fHnq2Gdgrw=="],

    "typescript": ["typescript@5.5.4", "", { "bin": { "tsc": "bin/tsc", "tsserver": "bin/tsserver" } }, "sha512-Mtq29sKDAEYP7aljRgtPOpTvOfbwRWlS6dPRzwjdE+C0R4brX/GUyhHSecbHMFLNBLcJIPt9nl9yG5TZ1weH+Q=="],

    "undici-types": ["undici-types@5.26.5", "", {}, "sha512-JlCMO+ehdEIKqlFxk6IfVoAUVmgz7cU7zD/h9XZ0qzeosSHmUJVOzSQvvYSYWXkFXC+IfLKSIffhv0sVZup6pA=="],

    "webidl-conversions": ["webidl-conversions@3.0.1", "", {}, "sha512-2JAn3z8AR6rjK8Sm8orRC0h/bcl/DqL7tRPdGZ4I1CjdF+EaMLmYxBHyXuKL849eucPFhvBoxMsflfOb8kxaeQ=="],

    "whatwg-url": ["whatwg-url@5.0.0", "", { "dependencies": { "tr46": "~0.0.3", "webidl-conversions": "^3.0.0" } }, "sha512-saE57nupxk6v3HY35+jzBwYa0rKSy0XR8JSxZPwgLr7ys0IBzhGviA1/TUGJLmSVqs8pb9AnvICXEuOHLprYTw=="],

    "ws": ["ws@7.5.11", "", { "peerDependencies": { "bufferutil": "^4.0.1", "utf-8-validate": "^5.0.2" }, "optionalPeers": ["bufferutil", "utf-8-validate"] }, "sha512-zS54Oen9bITtp7kp2XM3AydrCIq1D+HwJOuH+c+e4LfpL/lotP5osijd+UoMnxwAam1GN8R4KtLAyIrIcBNpiA=="],

    "xstream": ["xstream@11.14.0", "", { "dependencies": { "globalthis": "^1.0.1", "symbol-observable": "^2.0.3" } }, "sha512-1bLb+kKKtKPbgTK6i/BaoAn03g47PpFstlbe1BA+y3pNS/LfvcaghS5BFf9+EE1J+KwSQsEpfJvFN5GqFtiNmw=="],

    "zod": ["zod@3.23.8", "", {}, "sha512-XBx9AXhXktjUqnepgTiE5flcKIYWi/rme0Eaj+5Y0lftuGBq+jyRu/md4WnuxqgP1ubdpNCsYEYPxrzVHD8d6g=="],

    "elliptic/bn.js": ["bn.js@4.12.3", "", {}, "sha512-fGTi3gxV/23FTYdAoUtLYp6qySe2KE3teyZitipKNRuVYcBkoP/bB3guXN/XVKUe9mxCHXnc9C4ocyz8OmgN0g=="],
  }
}
